
Microsoft Visual Studio Solution File, Format Version 12.00
# Visual Studio Version 17
VisualStudioVersion = 17.6.33712.159
MinimumVisualStudioVersion = 10.0.40219.1
Project("{FAE04EC0-301F-11D3-BF4B-00C04F79EFBC}") = "26.03.24.1", "26.03.24.1\26.03.24.1.csproj", "{FABC248E-90DE-4084-94CA-582E1F1B7EA0}"
EndProject
Project("{FAE04EC0-301F-11D3-BF4B-00C04F79EFBC}") = "7.1", "7.1\7.1.csproj", "{843D8949-7DF4-4C14-B654-24430E99547B}"
EndProject
Project("{FAE04EC0-301F-11D3-BF4B-00C04F79EFBC}") = "7.2", "7.2\7.2.csproj", "{A7E6920C-A8DB-4ED9-BC52-6F609E67DBF2}"
EndProject
Project("{FAE04EC0-301F-11D3-BF4B-00C04F79EFBC}") = "7.3", "7.4\7.3.csproj", "{6123F219-DD30-438C-BF02-0FA406D9B466}"
EndProject
Global
	GlobalSection(SolutionConfigurationPlatforms) = preSolution
		Debug|Any CPU = Debug|Any CPU
		Release|Any CPU = Release|Any CPU
	EndGlobalSection
	GlobalSection(ProjectConfigurationPlatforms) = postSolution
		{FABC248E-90DE-4084-94CA-582E1F1B7EA0}.Debug|Any CPU.ActiveCfg = Debug|Any CPU
		{FABC248E-90DE-4084-94CA-582E1F1B7EA0}.Debug|Any CPU.Build.0 = Debug|Any CPU
		{FABC248E-90DE-4084-94CA-582E1F1B7EA0}.Release|Any CPU.ActiveCfg = Release|Any CPU
		{FABC248E-90DE-4084-94CA-582E1F1B7EA0}.Release|Any CPU.Build.0 = Release|Any CPU
		{843D8949-7DF4-4C14-B654-24430E99547B}.Debug|Any CPU.ActiveCfg = Debug|Any CPU
		{843D8949-7DF4-4C14-B654-24430E99547B}.Debug|Any CPU.Build.0 = Debug|Any CPU
		{843D8949-7DF4-4C14-B654-24430E99547B}.Release|Any CPU.ActiveCfg = Release|Any CPU
		{843D8949-7DF4-4C14-B654-24430E99547B}.Release|Any CPU.Build.0 = Release|Any CPU
		{A7E6920C-A8DB-4ED9-BC52-6F609E67DBF2}.Debug|Any CPU.ActiveCfg = Debug|Any CPU
		{A7E6920C-A8DB-4ED9-BC52-6F609E67DBF2}.Debug|Any CPU.Build.0 = Debug|Any CPU
		{A7E6920C-A8DB-4ED9-BC52-6F609E67DBF2}.Release|Any CPU.ActiveCfg = Release|Any CPU
		{A7E6920C-A8DB-4ED9-BC52-6F609E67DBF2}.Release|Any CPU.Build.0 = Release|Any CPU
		{6123F219-DD30-438C-BF02-0FA406D9B466}.Debug|Any CPU.ActiveCfg = Debug|Any CPU
		{6123F219-DD30-438C-BF02-0FA406D9B466}.Debug|Any CPU.Build.0 = Debug|Any CPU
		{6123F219-DD30-438C-BF02-0FA406D9B466}.Release|Any CPU.ActiveCfg = Release|Any CPU
		{6123F219-DD30-438C-BF02-0FA406D9B466}.Release|Any CPU.Build.0 = Release|Any CPU
	EndGlobalSection
	GlobalSection(SolutionProperties) = preSolution
		HideSolutionNode = FALSE
	EndGlobalSection
	GlobalSection(ExtensibilityGlobals) = postSolution
		SolutionGuid = {B646A8EE-5CAC-4B86-B119-872E1764844E}
	EndGlobalSection
EndGlobal
